
Microsoft Visual Studio Solution File, Format Version 12.00
# Visual Studio Version 17
VisualStudioVersion = 17.5.002.0
MinimumVisualStudioVersion = 10.0.40219.1
Project("{2150E333-8FDC-42A3-9474-1A3956D46DE8}") = "CsharpProjects", "CsharpProjects", "{157A35F2-3B78-4DEE-8A84-8C78EA821432}"
EndProject
Project("{9A19103F-16F7-4668-BE54-9A1E7A4F7556}") = "TestProject", "CsharpProjects\TestProject\TestProject.csproj", "{2DC8E144-754C-41A4-AC23-52002BCD7C75}"
EndProject
Global
	GlobalSection(SolutionConfigurationPlatforms) = preSolution
		Debug|Any CPU = Debug|Any CPU
		Release|Any CPU = Release|Any CPU
	EndGlobalSection
	GlobalSection(ProjectConfigurationPlatforms) = postSolution
		{2DC8E144-754C-41A4-AC23-52002BCD7C75}.Debug|Any CPU.ActiveCfg = Debug|Any CPU
		{2DC8E144-754C-41A4-AC23-52002BCD7C75}.Debug|Any CPU.Build.0 = Debug|Any CPU
		{2DC8E144-754C-41A4-AC23-52002BCD7C75}.Release|Any CPU.ActiveCfg = Release|Any CPU
		{2DC8E144-754C-41A4-AC23-52002BCD7C75}.Release|Any CPU.Build.0 = Release|Any CPU
	EndGlobalSection
	GlobalSection(SolutionProperties) = preSolution
		HideSolutionNode = FALSE
	EndGlobalSection
	GlobalSection(NestedProjects) = preSolution
		{2DC8E144-754C-41A4-AC23-52002BCD7C75} = {157A35F2-3B78-4DEE-8A84-8C78EA821432}
	EndGlobalSection
	GlobalSection(ExtensibilityGlobals) = postSolution
		SolutionGuid = {27FECA22-A772-4006-A6C0-D53994EBF74F}
	EndGlobalSection
EndGlobal
